
Microsoft Visual Studio Solution File, Format Version 12.00
# Visual Studio Version 17
VisualStudioVersion = 17.14.36429.23
MinimumVisualStudioVersion = 10.0.40219.1
Project("{2150E333-8FDC-42A3-9474-1A3956D46DE8}") = "Task0", "Task0", "{02EA681E-C7D8-13C7-8484-4AC65E1B71E8}"
EndProject
Project("{FAE04EC0-301F-11D3-BF4B-00C04F79EFBC}") = "Tyuiu.KalininaMA.Sprint1.Task0.V5", "Tyuiu.KalininaMA.Sprint1.Task0.V5\Tyuiu.KalininaMA.Sprint1.Task0.V5.csproj", "{BDE084D5-7C8C-42F2-AF87-4CB8C5F26570}"
EndProject
Project("{FAE04EC0-301F-11D3-BF4B-00C04F79EFBC}") = "Tyuiu.KalininaMA.Sprint1.Task0.V5.Lib", "Tyuiu.KalininaMA.Sprint1.Task0.V5.Lib\Tyuiu.KalininaMA.Sprint1.Task0.V5.Lib.csproj", "{39B2E3E7-CEB5-49CF-ACD9-82285FFFF80B}"
EndProject
Project("{FAE04EC0-301F-11D3-BF4B-00C04F79EFBC}") = "Tyuiu.KalininaMA.Sprint1.Task0.V5.Test", "Tyuiu.KalininaMA.Sprint1.Task0.V5.Test\Tyuiu.KalininaMA.Sprint1.Task0.V5.Test.csproj", "{535062B0-B029-4B70-A38A-9565B6D40DA4}"
EndProject
Project("{2150E333-8FDC-42A3-9474-1A3956D46DE8}") = "Task1", "Task1", "{3A1EAF9C-7F4E-4AA9-A57C-40011AF1896F}"
EndProject
Project("{FAE04EC0-301F-11D3-BF4B-00C04F79EFBC}") = "Tyuiu.KalininaMA.Sprint1.Task1.V22", "Tyuiu.KalininaMA.Sprint1.Task1.V22\Tyuiu.KalininaMA.Sprint1.Task1.V22.csproj", "{F34195BA-DFA8-41F9-8069-AF6031A4DB54}"
EndProject
Project("{FAE04EC0-301F-11D3-BF4B-00C04F79EFBC}") = "Tyuiu.KalininaMA.Sprint1.Task1.V22.Lib", "Tyuiu.KalininaMA.Sprint1.Task1.V22.Lib\Tyuiu.KalininaMA.Sprint1.Task1.V22.Lib.csproj", "{8D39455B-3AD2-4F5C-8A36-74D591FB0D3E}"
EndProject
Project("{FAE04EC0-301F-11D3-BF4B-00C04F79EFBC}") = "Tyuiu.KalininaMA.Sprint1.Task1.V22.Test", "Tyuiu.KalininaMA.Sprint1.Task1.V22.Test\Tyuiu.KalininaMA.Sprint1.Task1.V22.Test.csproj", "{3CEA1CA8-BD2B-4CBF-9411-9B24DAC769B3}"
EndProject
Global
	GlobalSection(SolutionConfigurationPlatforms) = preSolution
		Debug|Any CPU = Debug|Any CPU
		Release|Any CPU = Release|Any CPU
	EndGlobalSection
	GlobalSection(ProjectConfigurationPlatforms) = postSolution
		{BDE084D5-7C8C-42F2-AF87-4CB8C5F26570}.Debug|Any CPU.ActiveCfg = Debug|Any CPU
		{BDE084D5-7C8C-42F2-AF87-4CB8C5F26570}.Debug|Any CPU.Build.0 = Debug|Any CPU
		{BDE084D5-7C8C-42F2-AF87-4CB8C5F26570}.Release|Any CPU.ActiveCfg = Release|Any CPU
		{BDE084D5-7C8C-42F2-AF87-4CB8C5F26570}.Release|Any CPU.Build.0 = Release|Any CPU
		{39B2E3E7-CEB5-49CF-ACD9-82285FFFF80B}.Debug|Any CPU.ActiveCfg = Debug|Any CPU
		{39B2E3E7-CEB5-49CF-ACD9-82285FFFF80B}.Debug|Any CPU.Build.0 = Debug|Any CPU
		{39B2E3E7-CEB5-49CF-ACD9-82285FFFF80B}.Release|Any CPU.ActiveCfg = Release|Any CPU
		{39B2E3E7-CEB5-49CF-ACD9-82285FFFF80B}.Release|Any CPU.Build.0 = Release|Any CPU
		{535062B0-B029-4B70-A38A-9565B6D40DA4}.Debug|Any CPU.ActiveCfg = Debug|Any CPU
		{535062B0-B029-4B70-A38A-9565B6D40DA4}.Debug|Any CPU.Build.0 = Debug|Any CPU
		{535062B0-B029-4B70-A38A-9565B6D40DA4}.Release|Any CPU.ActiveCfg = Release|Any CPU
		{535062B0-B029-4B70-A38A-9565B6D40DA4}.Release|Any CPU.Build.0 = Release|Any CPU
		{F34195BA-DFA8-41F9-8069-AF6031A4DB54}.Debug|Any CPU.ActiveCfg = Debug|Any CPU
		{F34195BA-DFA8-41F9-8069-AF6031A4DB54}.Debug|Any CPU.Build.0 = Debug|Any CPU
		{F34195BA-DFA8-41F9-8069-AF6031A4DB54}.Release|Any CPU.ActiveCfg = Release|Any CPU
		{F34195BA-DFA8-41F9-8069-AF6031A4DB54}.Release|Any CPU.Build.0 = Release|Any CPU
		{8D39455B-3AD2-4F5C-8A36-74D591FB0D3E}.Debug|Any CPU.ActiveCfg = Debug|Any CPU
		{8D39455B-3AD2-4F5C-8A36-74D591FB0D3E}.Debug|Any CPU.Build.0 = Debug|Any CPU
		{8D39455B-3AD2-4F5C-8A36-74D591FB0D3E}.Release|Any CPU.ActiveCfg = Release|Any CPU
		{8D39455B-3AD2-4F5C-8A36-74D591FB0D3E}.Release|Any CPU.Build.0 = Release|Any CPU
		{3CEA1CA8-BD2B-4CBF-9411-9B24DAC769B3}.Debug|Any CPU.ActiveCfg = Debug|Any CPU
		{3CEA1CA8-BD2B-4CBF-9411-9B24DAC769B3}.Debug|Any CPU.Build.0 = Debug|Any CPU
		{3CEA1CA8-BD2B-4CBF-9411-9B24DAC769B3}.Release|Any CPU.ActiveCfg = Release|Any CPU
		{3CEA1CA8-BD2B-4CBF-9411-9B24DAC769B3}.Release|Any CPU.Build.0 = Release|Any CPU
	EndGlobalSection
	GlobalSection(SolutionProperties) = preSolution
		HideSolutionNode = FALSE
	EndGlobalSection
	GlobalSection(NestedProjects) = preSolution
		{BDE084D5-7C8C-42F2-AF87-4CB8C5F26570} = {02EA681E-C7D8-13C7-8484-4AC65E1B71E8}
		{39B2E3E7-CEB5-49CF-ACD9-82285FFFF80B} = {02EA681E-C7D8-13C7-8484-4AC65E1B71E8}
		{535062B0-B029-4B70-A38A-9565B6D40DA4} = {02EA681E-C7D8-13C7-8484-4AC65E1B71E8}
		{F34195BA-DFA8-41F9-8069-AF6031A4DB54} = {3A1EAF9C-7F4E-4AA9-A57C-40011AF1896F}
		{8D39455B-3AD2-4F5C-8A36-74D591FB0D3E} = {3A1EAF9C-7F4E-4AA9-A57C-40011AF1896F}
		{3CEA1CA8-BD2B-4CBF-9411-9B24DAC769B3} = {3A1EAF9C-7F4E-4AA9-A57C-40011AF1896F}
	EndGlobalSection
	GlobalSection(ExtensibilityGlobals) = postSolution
		SolutionGuid = {519316AC-A71F-4562-904D-1D3D479D7811}
	EndGlobalSection
EndGlobal
