
Microsoft Visual Studio Solution File, Format Version 12.00
# Visual Studio Version 17
VisualStudioVersion = 17.14.36429.23
MinimumVisualStudioVersion = 10.0.40219.1
Project("{2150E333-8FDC-42A3-9474-1A3956D46DE8}") = "Task0", "Task0", "{02EA681E-C7D8-13C7-8484-4AC65E1B71E8}"
EndProject
Project("{FAE04EC0-301F-11D3-BF4B-00C04F79EFBC}") = "Tyuiu.KalininaMA.Sprint1.Task0.V5", "Tyuiu.KalininaMA.Sprint1.Task0.V5\Tyuiu.KalininaMA.Sprint1.Task0.V5.csproj", "{BDE084D5-7C8C-42F2-AF87-4CB8C5F26570}"
EndProject
Project("{FAE04EC0-301F-11D3-BF4B-00C04F79EFBC}") = "Tyuiu.KalininaMA.Sprint1.Task0.V5.Lib", "Tyuiu.KalininaMA.Sprint1.Task0.V5.Lib\Tyuiu.KalininaMA.Sprint1.Task0.V5.Lib.csproj", "{39B2E3E7-CEB5-49CF-ACD9-82285FFFF80B}"
EndProject
Project("{FAE04EC0-301F-11D3-BF4B-00C04F79EFBC}") = "Tyuiu.KalininaMA.Sprint1.Task0.V5.Test", "Tyuiu.KalininaMA.Sprint1.Task0.V5.Test\Tyuiu.KalininaMA.Sprint1.Task0.V5.Test.csproj", "{535062B0-B029-4B70-A38A-9565B6D40DA4}"
EndProject
Global
	GlobalSection(SolutionConfigurationPlatforms) = preSolution
		Debug|Any CPU = Debug|Any CPU
		Release|Any CPU = Release|Any CPU
	EndGlobalSection
	GlobalSection(ProjectConfigurationPlatforms) = postSolution
		{BDE084D5-7C8C-42F2-AF87-4CB8C5F26570}.Debug|Any CPU.ActiveCfg = Debug|Any CPU
		{BDE084D5-7C8C-42F2-AF87-4CB8C5F26570}.Debug|Any CPU.Build.0 = Debug|Any CPU
		{BDE084D5-7C8C-42F2-AF87-4CB8C5F26570}.Release|Any CPU.ActiveCfg = Release|Any CPU
		{BDE084D5-7C8C-42F2-AF87-4CB8C5F26570}.Release|Any CPU.Build.0 = Release|Any CPU
		{39B2E3E7-CEB5-49CF-ACD9-82285FFFF80B}.Debug|Any CPU.ActiveCfg = Debug|Any CPU
		{39B2E3E7-CEB5-49CF-ACD9-82285FFFF80B}.Debug|Any CPU.Build.0 = Debug|Any CPU
		{39B2E3E7-CEB5-49CF-ACD9-82285FFFF80B}.Release|Any CPU.ActiveCfg = Release|Any CPU
		{39B2E3E7-CEB5-49CF-ACD9-82285FFFF80B}.Release|Any CPU.Build.0 = Release|Any CPU
		{535062B0-B029-4B70-A38A-9565B6D40DA4}.Debug|Any CPU.ActiveCfg = Debug|Any CPU
		{535062B0-B029-4B70-A38A-9565B6D40DA4}.Debug|Any CPU.Build.0 = Debug|Any CPU
		{535062B0-B029-4B70-A38A-9565B6D40DA4}.Release|Any CPU.ActiveCfg = Release|Any CPU
		{535062B0-B029-4B70-A38A-9565B6D40DA4}.Release|Any CPU.Build.0 = Release|Any CPU
	EndGlobalSection
	GlobalSection(SolutionProperties) = preSolution
		HideSolutionNode = FALSE
	EndGlobalSection
	GlobalSection(NestedProjects) = preSolution
		{BDE084D5-7C8C-42F2-AF87-4CB8C5F26570} = {02EA681E-C7D8-13C7-8484-4AC65E1B71E8}
		{39B2E3E7-CEB5-49CF-ACD9-82285FFFF80B} = {02EA681E-C7D8-13C7-8484-4AC65E1B71E8}
		{535062B0-B029-4B70-A38A-9565B6D40DA4} = {02EA681E-C7D8-13C7-8484-4AC65E1B71E8}
	EndGlobalSection
	GlobalSection(ExtensibilityGlobals) = postSolution
		SolutionGuid = {519316AC-A71F-4562-904D-1D3D479D7811}
	EndGlobalSection
EndGlobal
